
Microsoft Visual Studio Solution File, Format Version 12.00
# Visual Studio Version 17
VisualStudioVersion = 17.7.34202.233
MinimumVisualStudioVersion = 10.0.40219.1
Project("{FAE04EC0-301F-11D3-BF4B-00C04F79EFBC}") = "WebApplication1", "WebApplication1.csproj", "{EAB0CDE8-0C9B-43C4-821A-75594752B2DE}"
EndProject
Global
	GlobalSection(SolutionConfigurationPlatforms) = preSolution
		Debug|Any CPU = Debug|Any CPU
		Release|Any CPU = Release|Any CPU
	EndGlobalSection
	GlobalSection(ProjectConfigurationPlatforms) = postSolution
		{EAB0CDE8-0C9B-43C4-821A-75594752B2DE}.Debug|Any CPU.ActiveCfg = Debug|Any CPU
		{EAB0CDE8-0C9B-43C4-821A-75594752B2DE}.Debug|Any CPU.Build.0 = Debug|Any CPU
		{EAB0CDE8-0C9B-43C4-821A-75594752B2DE}.Release|Any CPU.ActiveCfg = Release|Any CPU
		{EAB0CDE8-0C9B-43C4-821A-75594752B2DE}.Release|Any CPU.Build.0 = Release|Any CPU
	EndGlobalSection
	GlobalSection(SolutionProperties) = preSolution
		HideSolutionNode = FALSE
	EndGlobalSection
	GlobalSection(ExtensibilityGlobals) = postSolution
		SolutionGuid = {0A7BAB3C-526A-4B32-B1E2-F4CDAFFF23BC}
	EndGlobalSection
EndGlobal
